// !$*UTF8*$!
{
	archiveVersion = 1;
	classes = {
	};
	objectVersion = 50;
	objects = {

/* Begin PBXBuildFile section */
		15496B1B20A78EB4009FED8D /* main.c in Sources */ = {isa = PBXBuildFile; fileRef = 15496B1A20A78EB4009FED8D /* main.c */; };
		15496B2320A79158009FED8D /* base64.c in Sources */ = {isa = PBXBuildFile; fileRef = 15496B2220A79158009FED8D /* base64.c */; };
		15496B2620A7D8A2009FED8D /* fixedXOR.c in Sources */ = {isa = PBXBuildFile; fileRef = 15496B2520A7D8A2009FED8D /* fixedXOR.c */; };
		15496B2920A7EBE3009FED8D /* xor_cypher.c in Sources */ = {isa = PBXBuildFile; fileRef = 15496B2820A7EBE3009FED8D /* xor_cypher.c */; };
		15496B2C20A7EDE8009FED8D /* helperFunctions.c in Sources */ = {isa = PBXBuildFile; fileRef = 15496B2B20A7EDE8009FED8D /* helperFunctions.c */; };
/* End PBXBuildFile section */

/* Begin PBXCopyFilesBuildPhase section */
		15496B1520A78EB4009FED8D /* CopyFiles */ = {
			isa = PBXCopyFilesBuildPhase;
			buildActionMask = 2147483647;
			dstPath = /usr/share/man/man1/;
			dstSubfolderSpec = 0;
			files = (
			);
			runOnlyForDeploymentPostprocessing = 1;
		};
/* End PBXCopyFilesBuildPhase section */

/* Begin PBXFileReference section */
		15496B1720A78EB4009FED8D /* cryptopals_all */ = {isa = PBXFileReference; explicitFileType = "compiled.mach-o.executable"; includeInIndex = 0; path = cryptopals_all; sourceTree = BUILT_PRODUCTS_DIR; };
		15496B1A20A78EB4009FED8D /* main.c */ = {isa = PBXFileReference; lastKnownFileType = sourcecode.c.c; path = main.c; sourceTree = "<group>"; };
		15496B2120A79158009FED8D /* base64.h */ = {isa = PBXFileReference; lastKnownFileType = sourcecode.c.h; path = base64.h; sourceTree = "<group>"; };
		15496B2220A79158009FED8D /* base64.c */ = {isa = PBXFileReference; lastKnownFileType = sourcecode.c.c; path = base64.c; sourceTree = "<group>"; };
		15496B2420A7D8A2009FED8D /* fixedXOR.h */ = {isa = PBXFileReference; lastKnownFileType = sourcecode.c.h; path = fixedXOR.h; sourceTree = "<group>"; };
		15496B2520A7D8A2009FED8D /* fixedXOR.c */ = {isa = PBXFileReference; lastKnownFileType = sourcecode.c.c; path = fixedXOR.c; sourceTree = "<group>"; };
		15496B2720A7EBE3009FED8D /* xor_cypher.h */ = {isa = PBXFileReference; lastKnownFileType = sourcecode.c.h; path = xor_cypher.h; sourceTree = "<group>"; };
		15496B2820A7EBE3009FED8D /* xor_cypher.c */ = {isa = PBXFileReference; lastKnownFileType = sourcecode.c.c; path = xor_cypher.c; sourceTree = "<group>"; };
		15496B2A20A7EDE8009FED8D /* helperFunctions.h */ = {isa = PBXFileReference; lastKnownFileType = sourcecode.c.h; path = helperFunctions.h; sourceTree = "<group>"; };
		15496B2B20A7EDE8009FED8D /* helperFunctions.c */ = {isa = PBXFileReference; lastKnownFileType = sourcecode.c.c; path = helperFunctions.c; sourceTree = "<group>"; };
/* End PBXFileReference section */

/* Begin PBXFrameworksBuildPhase section */
		15496B1420A78EB4009FED8D /* Frameworks */ = {
			isa = PBXFrameworksBuildPhase;
			buildActionMask = 2147483647;
			files = (
			);
			runOnlyForDeploymentPostprocessing = 0;
		};
/* End PBXFrameworksBuildPhase section */

/* Begin PBXGroup section */
		15496B0E20A78EB4009FED8D = {
			isa = PBXGroup;
			children = (
				15496B1920A78EB4009FED8D /* cryptopals_all */,
				15496B1820A78EB4009FED8D /* Products */,
			);
			sourceTree = "<group>";
		};
		15496B1820A78EB4009FED8D /* Products */ = {
			isa = PBXGroup;
			children = (
				15496B1720A78EB4009FED8D /* cryptopals_all */,
			);
			name = Products;
			sourceTree = "<group>";
		};
		15496B1920A78EB4009FED8D /* cryptopals_all */ = {
			isa = PBXGroup;
			children = (
				15496B1A20A78EB4009FED8D /* main.c */,
				15496B2A20A7EDE8009FED8D /* helperFunctions.h */,
				15496B2B20A7EDE8009FED8D /* helperFunctions.c */,
				15496B2720A7EBE3009FED8D /* xor_cypher.h */,
				15496B2820A7EBE3009FED8D /* xor_cypher.c */,
				15496B2120A79158009FED8D /* base64.h */,
				15496B2220A79158009FED8D /* base64.c */,
				15496B2420A7D8A2009FED8D /* fixedXOR.h */,
				15496B2520A7D8A2009FED8D /* fixedXOR.c */,
			);
			path = cryptopals_all;
			sourceTree = "<group>";
		};
/* End PBXGroup section */

/* Begin PBXNativeTarget section */
		15496B1620A78EB4009FED8D /* cryptopals_all */ = {
			isa = PBXNativeTarget;
			buildConfigurationList = 15496B1E20A78EB4009FED8D /* Build configuration list for PBXNativeTarget "cryptopals_all" */;
			buildPhases = (
				15496B1320A78EB4009FED8D /* Sources */,
				15496B1420A78EB4009FED8D /* Frameworks */,
				15496B1520A78EB4009FED8D /* CopyFiles */,
			);
			buildRules = (
			);
			dependencies = (
			);
			name = cryptopals_all;
			productName = cryptopals_all;
			productReference = 15496B1720A78EB4009FED8D /* cryptopals_all */;
			productType = "com.apple.product-type.tool";
		};
/* End PBXNativeTarget section */

/* Begin PBXProject section */
		15496B0F20A78EB4009FED8D /* Project object */ = {
			isa = PBXProject;
			attributes = {
				LastUpgradeCheck = 0930;
				ORGANIZATIONNAME = "Matthew Charron";
				TargetAttributes = {
					15496B1620A78EB4009FED8D = {
						CreatedOnToolsVersion = 9.3;
					};
				};
			};
			buildConfigurationList = 15496B1220A78EB4009FED8D /* Build configuration list for PBXProject "cryptopals_all" */;
			compatibilityVersion = "Xcode 9.3";
			developmentRegion = en;
			hasScannedForEncodings = 0;
			knownRegions = (
				en,
			);
			mainGroup = 15496B0E20A78EB4009FED8D;
			productRefGroup = 15496B1820A78EB4009FED8D /* Products */;
			projectDirPath = "";
			projectRoot = "";
			targets = (
				15496B1620A78EB4009FED8D /* cryptopals_all */,
			);
		};
/* End PBXProject section */

/* Begin PBXSourcesBuildPhase section */
		15496B1320A78EB4009FED8D /* Sources */ = {
			isa = PBXSourcesBuildPhase;
			buildActionMask = 2147483647;
			files = (
				15496B2C20A7EDE8009FED8D /* helperFunctions.c in Sources */,
				15496B2920A7EBE3009FED8D /* xor_cypher.c in Sources */,
				15496B2320A79158009FED8D /* base64.c in Sources */,
				15496B2620A7D8A2009FED8D /* fixedXOR.c in Sources */,
				15496B1B20A78EB4009FED8D /* main.c in Sources */,
			);
			runOnlyForDeploymentPostprocessing = 0;
		};
/* End PBXSourcesBuildPhase section */

/* Begin XCBuildConfiguration section */
		15496B1C20A78EB4009FED8D /* Debug */ = {
			isa = XCBuildConfiguration;
			buildSettings = {
				ALWAYS_SEARCH_USER_PATHS = NO;
				CLANG_ANALYZER_NONNULL = YES;
				CLANG_ANALYZER_NUMBER_OBJECT_CONVERSION = YES_AGGRESSIVE;
				CLANG_CXX_LANGUAGE_STANDARD = "gnu++14";
				CLANG_CXX_LIBRARY = "libc++";
				CLANG_ENABLE_MODULES = YES;
				CLANG_ENABLE_OBJC_ARC = YES;
				CLANG_ENABLE_OBJC_WEAK = YES;
				CLANG_WARN_BLOCK_CAPTURE_AUTORELEASING = YES;
				CLANG_WARN_BOOL_CONVERSION = YES;
				CLANG_WARN_COMMA = YES;
				CLANG_WARN_CONSTANT_CONVERSION = YES;
				CLANG_WARN_DEPRECATED_OBJC_IMPLEMENTATIONS = YES;
				CLANG_WARN_DIRECT_OBJC_ISA_USAGE = YES_ERROR;
				CLANG_WARN_DOCUMENTATION_COMMENTS = YES;
				CLANG_WARN_EMPTY_BODY = YES;
				CLANG_WARN_ENUM_CONVERSION = YES;
				CLANG_WARN_INFINITE_RECURSION = YES;
				CLANG_WARN_INT_CONVERSION = YES;
				CLANG_WARN_NON_LITERAL_NULL_CONVERSION = YES;
				CLANG_WARN_OBJC_IMPLICIT_RETAIN_SELF = YES;
				CLANG_WARN_OBJC_LITERAL_CONVERSION = YES;
				CLANG_WARN_OBJC_ROOT_CLASS = YES_ERROR;
				CLANG_WARN_RANGE_LOOP_ANALYSIS = YES;
				CLANG_WARN_STRICT_PROTOTYPES = YES;
				CLANG_WARN_SUSPICIOUS_MOVE = YES;
				CLANG_WARN_UNGUARDED_AVAILABILITY = YES_AGGRESSIVE;
				CLANG_WARN_UNREACHABLE_CODE = YES;
				CLANG_WARN__DUPLICATE_METHOD_MATCH = YES;
				CODE_SIGN_IDENTITY = "-";
				COPY_PHASE_STRIP = NO;
				DEBUG_INFORMATION_FORMAT = dwarf;
				ENABLE_STRICT_OBJC_MSGSEND = YES;
				ENABLE_TESTABILITY = YES;
				GCC_C_LANGUAGE_STANDARD = gnu11;
				GCC_DYNAMIC_NO_PIC = NO;
				GCC_NO_COMMON_BLOCKS = YES;
				GCC_OPTIMIZATION_LEVEL = 0;
				GCC_PREPROCESSOR_DEFINITIONS = (
					"DEBUG=1",
					"$(inherited)",
				);
				GCC_WARN_64_TO_32_BIT_CONVERSION = YES;
				GCC_WARN_ABOUT_RETURN_TYPE = YES_ERROR;
				GCC_WARN_UNDECLARED_SELECTOR = YES;
				GCC_WARN_UNINITIALIZED_AUTOS = YES_AGGRESSIVE;
				GCC_WARN_UNUSED_FUNCTION = YES;
				GCC_WARN_UNUSED_VARIABLE = YES;
				MACOSX_DEPLOYMENT_TARGET = 10.13;
				MTL_ENABLE_DEBUG_INFO = YES;
				ONLY_ACTIVE_ARCH = YES;
				SDKROOT = macosx;
			};
			name = Debug;
		};
		15496B1D20A78EB4009FED8D /* Release */ = {
			isa = XCBuildConfiguration;
			buildSettings = {
				ALWAYS_SEARCH_USER_PATHS = NO;
				CLANG_ANALYZER_NONNULL = YES;
				CLANG_ANALYZER_NUMBER_OBJECT_CONVERSION = YES_AGGRESSIVE;
				CLANG_CXX_LANGUAGE_STANDARD = "gnu++14";
				CLANG_CXX_LIBRARY = "libc++";
				CLANG_ENABLE_MODULES = YES;
				CLANG_ENABLE_OBJC_ARC = YES;
				CLANG_ENABLE_OBJC_WEAK = YES;
				CLANG_WARN_BLOCK_CAPTURE_AUTORELEASING = YES;
				CLANG_WARN_BOOL_CONVERSION = YES;
				CLANG_WARN_COMMA = YES;
				CLANG_WARN_CONSTANT_CONVERSION = YES;
				CLANG_WARN_DEPRECATED_OBJC_IMPLEMENTATIONS = YES;
				CLANG_WARN_DIRECT_OBJC_ISA_USAGE = YES_ERROR;
				CLANG_WARN_DOCUMENTATION_COMMENTS = YES;
				CLANG_WARN_EMPTY_BODY = YES;
				CLANG_WARN_ENUM_CONVERSION = YES;
				CLANG_WARN_INFINITE_RECURSION = YES;
				CLANG_WARN_INT_CONVERSION = YES;
				CLANG_WARN_NON_LITERAL_NULL_CONVERSION = YES;
				CLANG_WARN_OBJC_IMPLICIT_RETAIN_SELF = YES;
				CLANG_WARN_OBJC_LITERAL_CONVERSION = YES;
				CLANG_WARN_OBJC_ROOT_CLASS = YES_ERROR;
				CLANG_WARN_RANGE_LOOP_ANALYSIS = YES;
				CLANG_WARN_STRICT_PROTOTYPES = YES;
				CLANG_WARN_SUSPICIOUS_MOVE = YES;
				CLANG_WARN_UNGUARDED_AVAILABILITY = YES_AGGRESSIVE;
				CLANG_WARN_UNREACHABLE_CODE = YES;
				CLANG_WARN__DUPLICATE_METHOD_MATCH = YES;
				CODE_SIGN_IDENTITY = "-";
				COPY_PHASE_STRIP = NO;
				DEBUG_INFORMATION_FORMAT = "dwarf-with-dsym";
				ENABLE_NS_ASSERTIONS = NO;
				ENABLE_STRICT_OBJC_MSGSEND = YES;
				GCC_C_LANGUAGE_STANDARD = gnu11;
				GCC_NO_COMMON_BLOCKS = YES;
				GCC_WARN_64_TO_32_BIT_CONVERSION = YES;
				GCC_WARN_ABOUT_RETURN_TYPE = YES_ERROR;
				GCC_WARN_UNDECLARED_SELECTOR = YES;
				GCC_WARN_UNINITIALIZED_AUTOS = YES_AGGRESSIVE;
				GCC_WARN_UNUSED_FUNCTION = YES;
				GCC_WARN_UNUSED_VARIABLE = YES;
				MACOSX_DEPLOYMENT_TARGET = 10.13;
				MTL_ENABLE_DEBUG_INFO = NO;
				SDKROOT = macosx;
			};
			name = Release;
		};
		15496B1F20A78EB4009FED8D /* Debug */ = {
			isa = XCBuildConfiguration;
			buildSettings = {
				CODE_SIGN_STYLE = Automatic;
				PRODUCT_NAME = "$(TARGET_NAME)";
			};
			name = Debug;
		};
		15496B2020A78EB4009FED8D /* Release */ = {
			isa = XCBuildConfiguration;
			buildSettings = {
				CODE_SIGN_STYLE = Automatic;
				PRODUCT_NAME = "$(TARGET_NAME)";
			};
			name = Release;
		};
/* End XCBuildConfiguration section */

/* Begin XCConfigurationList section */
		15496B1220A78EB4009FED8D /* Build configuration list for PBXProject "cryptopals_all" */ = {
			isa = XCConfigurationList;
			buildConfigurations = (
				15496B1C20A78EB4009FED8D /* Debug */,
				15496B1D20A78EB4009FED8D /* Release */,
			);
			defaultConfigurationIsVisible = 0;
			defaultConfigurationName = Release;
		};
		15496B1E20A78EB4009FED8D /* Build configuration list for PBXNativeTarget "cryptopals_all" */ = {
			isa = XCConfigurationList;
			buildConfigurations = (
				15496B1F20A78EB4009FED8D /* Debug */,
				15496B2020A78EB4009FED8D /* Release */,
			);
			defaultConfigurationIsVisible = 0;
			defaultConfigurationName = Release;
		};
/* End XCConfigurationList section */
	};
	rootObject = 15496B0F20A78EB4009FED8D /* Project object */;
}
